schema: '2.0'
stages:
  data_ingestion:
    cmd: python src/data_ingestion.py
    deps:
    - path: src/data_ingestion.py
      hash: md5
      md5: 9523e5b034a947c8a9fda4d537741390
      size: 3503
    params:
      params.yaml:
        data_ingestion.test_size: 0.2324
    outs:
    - path: data/raw
      hash: md5
      md5: ea988add3922285bed2374eff86d2e24.dir
      size: 622344
      nfiles: 2
  data_preprocessing:
    cmd: python src/data_preprocessing.py
    deps:
    - path: data/raw
      hash: md5
      md5: ea988add3922285bed2374eff86d2e24.dir
      size: 622344
      nfiles: 2
    - path: src/data_preprocessing.py
      hash: md5
      md5: 270476615539352e5626da0e136e2137
      size: 2529
    outs:
    - path: data/interim
      hash: md5
      md5: 676137fc1dc2a51bbf09d12168e18044.dir
      size: 562238
      nfiles: 2
  model_building:
    cmd: python src/model_building.py
    deps:
    - path: data/interim
      hash: md5
      md5: 676137fc1dc2a51bbf09d12168e18044.dir
      size: 562238
      nfiles: 2
    - path: src/model_building.py
      hash: md5
      md5: fc60b944796bc0a5f86b4be0048129a2
      size: 3790
    params:
      params.yaml:
        model_building.random_state: 1
    outs:
    - path: models/model.pkl
      hash: md5
      md5: baff00dc0a4eab15e0543373c09fb8e1
      size: 79956897
  model_evaluation:
    cmd: python src/model_evaluation.py
    deps:
    - path: models/model.pkl
      hash: md5
      md5: baff00dc0a4eab15e0543373c09fb8e1
      size: 79956897
    - path: src/model_evaluation.py
      hash: md5
      md5: bbd1fef9a65b8aa52bd711956cf8b129
      size: 3610
    outs:
    - path: reports/metrics.json
      hash: md5
      md5: c9e5562796b47cfe49cb08963adf9f84
      size: 40
